
Microsoft Visual Studio Solution File, Format Version 12.00
# Visual Studio Version 16
VisualStudioVersion = 16.0.29418.71
MinimumVisualStudioVersion = 10.0.40219.1
Project("{FAE04EC0-301F-11D3-BF4B-00C04F79EFBC}") = "SuperShopManagementSystem", "SuperShopManagementSystem\SuperShopManagementSystem.csproj", "{A24F9889-E208-4B07-AFCA-F202C0C86212}"
EndProject
Project("{FAE04EC0-301F-11D3-BF4B-00C04F79EFBC}") = "MVC_Final_Project", "MVC_Final_Project\MVC_Final_Project.csproj", "{05B3FCF3-FA7E-4DEA-BB35-FC69CC978392}"
EndProject
Global
	GlobalSection(SolutionConfigurationPlatforms) = preSolution
		Debug|Any CPU = Debug|Any CPU
		Release|Any CPU = Release|Any CPU
	EndGlobalSection
	GlobalSection(ProjectConfigurationPlatforms) = postSolution
		{A24F9889-E208-4B07-AFCA-F202C0C86212}.Debug|Any CPU.ActiveCfg = Debug|Any CPU
		{A24F9889-E208-4B07-AFCA-F202C0C86212}.Debug|Any CPU.Build.0 = Debug|Any CPU
		{A24F9889-E208-4B07-AFCA-F202C0C86212}.Release|Any CPU.ActiveCfg = Release|Any CPU
		{A24F9889-E208-4B07-AFCA-F202C0C86212}.Release|Any CPU.Build.0 = Release|Any CPU
		{05B3FCF3-FA7E-4DEA-BB35-FC69CC978392}.Debug|Any CPU.ActiveCfg = Debug|Any CPU
		{05B3FCF3-FA7E-4DEA-BB35-FC69CC978392}.Debug|Any CPU.Build.0 = Debug|Any CPU
		{05B3FCF3-FA7E-4DEA-BB35-FC69CC978392}.Release|Any CPU.ActiveCfg = Release|Any CPU
		{05B3FCF3-FA7E-4DEA-BB35-FC69CC978392}.Release|Any CPU.Build.0 = Release|Any CPU
	EndGlobalSection
	GlobalSection(SolutionProperties) = preSolution
		HideSolutionNode = FALSE
	EndGlobalSection
	GlobalSection(ExtensibilityGlobals) = postSolution
		SolutionGuid = {7F746ACD-D600-4539-AB6B-572FE7E8983E}
	EndGlobalSection
EndGlobal
